
Microsoft Visual Studio Solution File, Format Version 12.00
# Visual Studio Version 17
VisualStudioVersion = 17.9.34607.119
MinimumVisualStudioVersion = 10.0.40219.1
Project("{FAE04EC0-301F-11D3-BF4B-00C04F79EFBC}") = "Car_GameBoy", "Car_GameBoy\Car_GameBoy.csproj", "{4E82172E-9BF8-4C7B-AD5F-AD731CDFB9EF}"
EndProject
Global
	GlobalSection(SolutionConfigurationPlatforms) = preSolution
		Debug|Any CPU = Debug|Any CPU
		Release|Any CPU = Release|Any CPU
	EndGlobalSection
	GlobalSection(ProjectConfigurationPlatforms) = postSolution
		{4E82172E-9BF8-4C7B-AD5F-AD731CDFB9EF}.Debug|Any CPU.ActiveCfg = Debug|Any CPU
		{4E82172E-9BF8-4C7B-AD5F-AD731CDFB9EF}.Debug|Any CPU.Build.0 = Debug|Any CPU
		{4E82172E-9BF8-4C7B-AD5F-AD731CDFB9EF}.Release|Any CPU.ActiveCfg = Release|Any CPU
		{4E82172E-9BF8-4C7B-AD5F-AD731CDFB9EF}.Release|Any CPU.Build.0 = Release|Any CPU
	EndGlobalSection
	GlobalSection(SolutionProperties) = preSolution
		HideSolutionNode = FALSE
	EndGlobalSection
	GlobalSection(ExtensibilityGlobals) = postSolution
		SolutionGuid = {0C68AD95-511C-496F-ADBF-51A95BCEC0E1}
	EndGlobalSection
EndGlobal
